Microsoft Visual Studio Solution File, Format Version 12.00
# Visual Studio Version 17
VisualStudioVersion = 17.5.2.0
MinimumVisualStudioVersion = 10.0.40219.1
Project("{FAE04EC0-301F-11D3-BF4B-00C04F79EFBC}") = "Atendimentos", "Atendimentos.csproj", "{9357D8D8-A765-7D31-274D-F409E2F5EA55}"
EndProject
Global
	GlobalSection(SolutionConfigurationPlatforms) = preSolution
		Debug|Any CPU = Debug|Any CPU
		Release|Any CPU = Release|Any CPU
	EndGlobalSection
	GlobalSection(ProjectConfigurationPlatforms) = postSolution
		{9357D8D8-A765-7D31-274D-F409E2F5EA55}.Debug|Any CPU.ActiveCfg = Debug|Any CPU
		{9357D8D8-A765-7D31-274D-F409E2F5EA55}.Debug|Any CPU.Build.0 = Debug|Any CPU
		{9357D8D8-A765-7D31-274D-F409E2F5EA55}.Release|Any CPU.ActiveCfg = Release|Any CPU
		{9357D8D8-A765-7D31-274D-F409E2F5EA55}.Release|Any CPU.Build.0 = Release|Any CPU
	EndGlobalSection
	GlobalSection(SolutionProperties) = preSolution
		HideSolutionNode = FALSE
	EndGlobalSection
	GlobalSection(ExtensibilityGlobals) = postSolution
		SolutionGuid = {DD8260FF-DD90-4968-9CEB-744506FC1C29}
	EndGlobalSection
EndGlobal
