Microsoft Visual Studio Solution File, Format Version 12.00
# Visual Studio Version 17
VisualStudioVersion = 17.5.2.0
MinimumVisualStudioVersion = 10.0.40219.1
Project("{FAE04EC0-301F-11D3-BF4B-00C04F79EFBC}") = "LinqMedicos", "LinqMedicos.csproj", "{95C8BB8F-7DCE-8A9A-5C07-EB840E14F0E2}"
EndProject
Global
	GlobalSection(SolutionConfigurationPlatforms) = preSolution
		Debug|Any CPU = Debug|Any CPU
		Release|Any CPU = Release|Any CPU
	EndGlobalSection
	GlobalSection(ProjectConfigurationPlatforms) = postSolution
		{95C8BB8F-7DCE-8A9A-5C07-EB840E14F0E2}.Debug|Any CPU.ActiveCfg = Debug|Any CPU
		{95C8BB8F-7DCE-8A9A-5C07-EB840E14F0E2}.Debug|Any CPU.Build.0 = Debug|Any CPU
		{95C8BB8F-7DCE-8A9A-5C07-EB840E14F0E2}.Release|Any CPU.ActiveCfg = Release|Any CPU
		{95C8BB8F-7DCE-8A9A-5C07-EB840E14F0E2}.Release|Any CPU.Build.0 = Release|Any CPU
	EndGlobalSection
	GlobalSection(SolutionProperties) = preSolution
		HideSolutionNode = FALSE
	EndGlobalSection
	GlobalSection(ExtensibilityGlobals) = postSolution
		SolutionGuid = {359D3FDA-F1CA-46B0-B0A9-7AA50D63AFC6}
	EndGlobalSection
EndGlobal
